// !$*UTF8*$!
{
	archiveVersion = 1;
	classes = {
	};
	objectVersion = 46;
	objects = {

/* Begin PBXBuildFile section */
		D099798B1E53E47400635B45 /* AppDelegate.swift in Sources */ = {isa = PBXBuildFile; fileRef = D099798A1E53E47400635B45 /* AppDelegate.swift */; };
		D099798D1E53E47400635B45 /* SuggestionViewController.swift in Sources */ = {isa = PBXBuildFile; fileRef = D099798C1E53E47400635B45 /* SuggestionViewController.swift */; };
		D09979901E53E47400635B45 /* Main.storyboard in Resources */ = {isa = PBXBuildFile; fileRef = D099798E1E53E47400635B45 /* Main.storyboard */; };
		D09979921E53E47400635B45 /* Assets.xcassets in Resources */ = {isa = PBXBuildFile; fileRef = D09979911E53E47400635B45 /* Assets.xcassets */; };
		D09979951E53E47400635B45 /* LaunchScreen.storyboard in Resources */ = {isa = PBXBuildFile; fileRef = D09979931E53E47400635B45 /* LaunchScreen.storyboard */; };
/* End PBXBuildFile section */

/* Begin PBXFileReference section */
		D09979871E53E47400635B45 /* VIPER-Douban.app */ = {isa = PBXFileReference; explicitFileType = wrapper.application; includeInIndex = 0; path = "VIPER-Douban.app"; sourceTree = BUILT_PRODUCTS_DIR; };
		D099798A1E53E47400635B45 /* AppDelegate.swift */ = {isa = PBXFileReference; lastKnownFileType = sourcecode.swift; path = AppDelegate.swift; sourceTree = "<group>"; };
		D099798C1E53E47400635B45 /* SuggestionViewController.swift */ = {isa = PBXFileReference; lastKnownFileType = sourcecode.swift; path = SuggestionViewController.swift; sourceTree = "<group>"; };
		D099798F1E53E47400635B45 /* Base */ = {isa = PBXFileReference; lastKnownFileType = file.storyboard; name = Base; path = Base.lproj/Main.storyboard; sourceTree = "<group>"; };
		D09979911E53E47400635B45 /* Assets.xcassets */ = {isa = PBXFileReference; lastKnownFileType = folder.assetcatalog; path = Assets.xcassets; sourceTree = "<group>"; };
		D09979941E53E47400635B45 /* Base */ = {isa = PBXFileReference; lastKnownFileType = file.storyboard; name = Base; path = Base.lproj/LaunchScreen.storyboard; sourceTree = "<group>"; };
		D09979961E53E47400635B45 /* Info.plist */ = {isa = PBXFileReference; lastKnownFileType = text.plist.xml; path = Info.plist; sourceTree = "<group>"; };
/* End PBXFileReference section */

/* Begin PBXFrameworksBuildPhase section */
		D09979841E53E47400635B45 /* Frameworks */ = {
			isa = PBXFrameworksBuildPhase;
			buildActionMask = 2147483647;
			files = (
			);
			runOnlyForDeploymentPostprocessing = 0;
		};
/* End PBXFrameworksBuildPhase section */

/* Begin PBXGroup section */
		D099797E1E53E47400635B45 = {
			isa = PBXGroup;
			children = (
				D09979891E53E47400635B45 /* VIPER-Douban */,
				D09979881E53E47400635B45 /* Products */,
			);
			sourceTree = "<group>";
		};
		D09979881E53E47400635B45 /* Products */ = {
			isa = PBXGroup;
			children = (
				D09979871E53E47400635B45 /* VIPER-Douban.app */,
			);
			name = Products;
			sourceTree = "<group>";
		};
		D09979891E53E47400635B45 /* VIPER-Douban */ = {
			isa = PBXGroup;
			children = (
				D099799F1E53E8F000635B45 /* Resource */,
				D099799E1E53E8E400635B45 /* Config */,
				D099798A1E53E47400635B45 /* AppDelegate.swift */,
				D099798C1E53E47400635B45 /* SuggestionViewController.swift */,
				D099798E1E53E47400635B45 /* Main.storyboard */,
			);
			path = "VIPER-Douban";
			sourceTree = "<group>";
		};
		D099799E1E53E8E400635B45 /* Config */ = {
			isa = PBXGroup;
			children = (
				D09979961E53E47400635B45 /* Info.plist */,
			);
			name = Config;
			sourceTree = "<group>";
		};
		D099799F1E53E8F000635B45 /* Resource */ = {
			isa = PBXGroup;
			children = (
				D09979911E53E47400635B45 /* Assets.xcassets */,
				D09979931E53E47400635B45 /* LaunchScreen.storyboard */,
			);
			name = Resource;
			sourceTree = "<group>";
		};
/* End PBXGroup section */

/* Begin PBXNativeTarget section */
		D09979861E53E47400635B45 /* VIPER-Douban */ = {
			isa = PBXNativeTarget;
			buildConfigurationList = D09979991E53E47400635B45 /* Build configuration list for PBXNativeTarget "VIPER-Douban" */;
			buildPhases = (
				D09979831E53E47400635B45 /* Sources */,
				D09979841E53E47400635B45 /* Frameworks */,
				D09979851E53E47400635B45 /* Resources */,
			);
			buildRules = (
			);
			dependencies = (
			);
			name = "VIPER-Douban";
			productName = "VIPER-Douban";
			productReference = D09979871E53E47400635B45 /* VIPER-Douban.app */;
			productType = "com.apple.product-type.application";
		};
/* End PBXNativeTarget section */

/* Begin PBXProject section */
		D099797F1E53E47400635B45 /* Project object */ = {
			isa = PBXProject;
			attributes = {
				LastSwiftUpdateCheck = 0820;
				LastUpgradeCheck = 0820;
				ORGANIZATIONNAME = ThoughtWorks;
				TargetAttributes = {
					D09979861E53E47400635B45 = {
						CreatedOnToolsVersion = 8.2.1;
						ProvisioningStyle = Automatic;
					};
				};
			};
			buildConfigurationList = D09979821E53E47400635B45 /* Build configuration list for PBXProject "VIPER-Douban" */;
			compatibilityVersion = "Xcode 3.2";
			developmentRegion = English;
			hasScannedForEncodings = 0;
			knownRegions = (
				en,
				Base,
			);
			mainGroup = D099797E1E53E47400635B45;
			productRefGroup = D09979881E53E47400635B45 /* Products */;
			projectDirPath = "";
			projectRoot = "";
			targets = (
				D09979861E53E47400635B45 /* VIPER-Douban */,
			);
		};
/* End PBXProject section */

/* Begin PBXResourcesBuildPhase section */
		D09979851E53E47400635B45 /* Resources */ = {
			isa = PBXResourcesBuildPhase;
			buildActionMask = 2147483647;
			files = (
				D09979951E53E47400635B45 /* LaunchScreen.storyboard in Resources */,
				D09979921E53E47400635B45 /* Assets.xcassets in Resources */,
				D09979901E53E47400635B45 /* Main.storyboard in Resources */,
			);
			runOnlyForDeploymentPostprocessing = 0;
		};
/* End PBXResourcesBuildPhase section */

/* Begin PBXSourcesBuildPhase section */
		D09979831E53E47400635B45 /* Sources */ = {
			isa = PBXSourcesBuildPhase;
			buildActionMask = 2147483647;
			files = (
				D099798D1E53E47400635B45 /* SuggestionViewController.swift in Sources */,
				D099798B1E53E47400635B45 /* AppDelegate.swift in Sources */,
			);
			runOnlyForDeploymentPostprocessing = 0;
		};
/* End PBXSourcesBuildPhase section */

/* Begin PBXVariantGroup section */
		D099798E1E53E47400635B45 /* Main.storyboard */ = {
			isa = PBXVariantGroup;
			children = (
				D099798F1E53E47400635B45 /* Base */,
			);
			name = Main.storyboard;
			sourceTree = "<group>";
		};
		D09979931E53E47400635B45 /* LaunchScreen.storyboard */ = {
			isa = PBXVariantGroup;
			children = (
				D09979941E53E47400635B45 /* Base */,
			);
			name = LaunchScreen.storyboard;
			sourceTree = "<group>";
		};
/* End PBXVariantGroup section */

/* Begin XCBuildConfiguration section */
		D09979971E53E47400635B45 /* Debug */ = {
			isa = XCBuildConfiguration;
			buildSettings = {
				ALWAYS_SEARCH_USER_PATHS = NO;
				CLANG_ANALYZER_NONNULL = YES;
				CLANG_CXX_LANGUAGE_STANDARD = "gnu++0x";
				CLANG_CXX_LIBRARY = "libc++";
				CLANG_ENABLE_MODULES = YES;
				CLANG_ENABLE_OBJC_ARC = YES;
				CLANG_WARN_BOOL_CONVERSION = YES;
				CLANG_WARN_CONSTANT_CONVERSION = YES;
				CLANG_WARN_DIRECT_OBJC_ISA_USAGE = YES_ERROR;
				CLANG_WARN_DOCUMENTATION_COMMENTS = YES;
				CLANG_WARN_EMPTY_BODY = YES;
				CLANG_WARN_ENUM_CONVERSION = YES;
				CLANG_WARN_INFINITE_RECURSION = YES;
				CLANG_WARN_INT_CONVERSION = YES;
				CLANG_WARN_OBJC_ROOT_CLASS = YES_ERROR;
				CLANG_WARN_SUSPICIOUS_MOVE = YES;
				CLANG_WARN_UNREACHABLE_CODE = YES;
				CLANG_WARN__DUPLICATE_METHOD_MATCH = YES;
				"CODE_SIGN_IDENTITY[sdk=iphoneos*]" = "iPhone Developer";
				COPY_PHASE_STRIP = NO;
				DEBUG_INFORMATION_FORMAT = dwarf;
				ENABLE_STRICT_OBJC_MSGSEND = YES;
				ENABLE_TESTABILITY = YES;
				GCC_C_LANGUAGE_STANDARD = gnu99;
				GCC_DYNAMIC_NO_PIC = NO;
				GCC_NO_COMMON_BLOCKS = YES;
				GCC_OPTIMIZATION_LEVEL = 0;
				GCC_PREPROCESSOR_DEFINITIONS = (
					"DEBUG=1",
					"$(inherited)",
				);
				GCC_WARN_64_TO_32_BIT_CONVERSION = YES;
				GCC_WARN_ABOUT_RETURN_TYPE = YES_ERROR;
				GCC_WARN_UNDECLARED_SELECTOR = YES;
				GCC_WARN_UNINITIALIZED_AUTOS = YES_AGGRESSIVE;
				GCC_WARN_UNUSED_FUNCTION = YES;
				GCC_WARN_UNUSED_VARIABLE = YES;
				IPHONEOS_DEPLOYMENT_TARGET = 10.2;
				MTL_ENABLE_DEBUG_INFO = YES;
				ONLY_ACTIVE_ARCH = YES;
				SDKROOT = iphoneos;
				SWIFT_ACTIVE_COMPILATION_CONDITIONS = DEBUG;
				SWIFT_OPTIMIZATION_LEVEL = "-Onone";
			};
			name = Debug;
		};
		D09979981E53E47400635B45 /* Release */ = {
			isa = XCBuildConfiguration;
			buildSettings = {
				ALWAYS_SEARCH_USER_PATHS = NO;
				CLANG_ANALYZER_NONNULL = YES;
				CLANG_CXX_LANGUAGE_STANDARD = "gnu++0x";
				CLANG_CXX_LIBRARY = "libc++";
				CLANG_ENABLE_MODULES = YES;
				CLANG_ENABLE_OBJC_ARC = YES;
				CLANG_WARN_BOOL_CONVERSION = YES;
				CLANG_WARN_CONSTANT_CONVERSION = YES;
				CLANG_WARN_DIRECT_OBJC_ISA_USAGE = YES_ERROR;
				CLANG_WARN_DOCUMENTATION_COMMENTS = YES;
				CLANG_WARN_EMPTY_BODY = YES;
				CLANG_WARN_ENUM_CONVERSION = YES;
				CLANG_WARN_INFINITE_RECURSION = YES;
				CLANG_WARN_INT_CONVERSION = YES;
				CLANG_WARN_OBJC_ROOT_CLASS = YES_ERROR;
				CLANG_WARN_SUSPICIOUS_MOVE = YES;
				CLANG_WARN_UNREACHABLE_CODE = YES;
				CLANG_WARN__DUPLICATE_METHOD_MATCH = YES;
				"CODE_SIGN_IDENTITY[sdk=iphoneos*]" = "iPhone Developer";
				COPY_PHASE_STRIP = NO;
				DEBUG_INFORMATION_FORMAT = "dwarf-with-dsym";
				ENABLE_NS_ASSERTIONS = NO;
				ENABLE_STRICT_OBJC_MSGSEND = YES;
				GCC_C_LANGUAGE_STANDARD = gnu99;
				GCC_NO_COMMON_BLOCKS = YES;
				GCC_WARN_64_TO_32_BIT_CONVERSION = YES;
				GCC_WARN_ABOUT_RETURN_TYPE = YES_ERROR;
				GCC_WARN_UNDECLARED_SELECTOR = YES;
				GCC_WARN_UNINITIALIZED_AUTOS = YES_AGGRESSIVE;
				GCC_WARN_UNUSED_FUNCTION = YES;
				GCC_WARN_UNUSED_VARIABLE = YES;
				IPHONEOS_DEPLOYMENT_TARGET = 10.2;
				MTL_ENABLE_DEBUG_INFO = NO;
				SDKROOT = iphoneos;
				SWIFT_OPTIMIZATION_LEVEL = "-Owholemodule";
				VALIDATE_PRODUCT = YES;
			};
			name = Release;
		};
		D099799A1E53E47400635B45 /* Debug */ = {
			isa = XCBuildConfiguration;
			buildSettings = {
				ASSETCATALOG_COMPILER_APPICON_NAME = AppIcon;
				INFOPLIST_FILE = "VIPER-Douban/Info.plist";
				IPHONEOS_DEPLOYMENT_TARGET = 9.0;
				LD_RUNPATH_SEARCH_PATHS = "$(inherited) @executable_path/Frameworks";
				PRODUCT_BUNDLE_IDENTIFIER = "thoughtworks.VIPER-Douban";
				PRODUCT_NAME = "$(TARGET_NAME)";
				SWIFT_VERSION = 3.0;
			};
			name = Debug;
		};
		D099799B1E53E47400635B45 /* Release */ = {
			isa = XCBuildConfiguration;
			buildSettings = {
				ASSETCATALOG_COMPILER_APPICON_NAME = AppIcon;
				INFOPLIST_FILE = "VIPER-Douban/Info.plist";
				IPHONEOS_DEPLOYMENT_TARGET = 9.0;
				LD_RUNPATH_SEARCH_PATHS = "$(inherited) @executable_path/Frameworks";
				PRODUCT_BUNDLE_IDENTIFIER = "thoughtworks.VIPER-Douban";
				PRODUCT_NAME = "$(TARGET_NAME)";
				SWIFT_VERSION = 3.0;
			};
			name = Release;
		};
/* End XCBuildConfiguration section */

/* Begin XCConfigurationList section */
		D09979821E53E47400635B45 /* Build configuration list for PBXProject "VIPER-Douban" */ = {
			isa = XCConfigurationList;
			buildConfigurations = (
				D09979971E53E47400635B45 /* Debug */,
				D09979981E53E47400635B45 /* Release */,
			);
			defaultConfigurationIsVisible = 0;
			defaultConfigurationName = Release;
		};
		D09979991E53E47400635B45 /* Build configuration list for PBXNativeTarget "VIPER-Douban" */ = {
			isa = XCConfigurationList;
			buildConfigurations = (
				D099799A1E53E47400635B45 /* Debug */,
				D099799B1E53E47400635B45 /* Release */,
			);
			defaultConfigurationIsVisible = 0;
			defaultConfigurationName = Release;
		};
/* End XCConfigurationList section */
	};
	rootObject = D099797F1E53E47400635B45 /* Project object */;
}
