// !$*UTF8*$!
{
	archiveVersion = 1;
	classes = {
	};
	objectVersion = 46;
	objects = {

/* Begin PBXBuildFile section */
		2949DE589000B74004234BD7 /* Pods_VIPER_Douban.framework in Frameworks */ = {isa = PBXBuildFile; fileRef = 856A817414641CF71AC43A0F /* Pods_VIPER_Douban.framework */; };
		83630AB3D75C90486B73B8B2 /* Pods_VIPER_DoubanTests.framework in Frameworks */ = {isa = PBXBuildFile; fileRef = 00EF110DC2D3780AE9C1CCA7 /* Pods_VIPER_DoubanTests.framework */; };
		D0636D5C1E5AEBB10034E7B0 /* HorizontalSectionController.swift in Sources */ = {isa = PBXBuildFile; fileRef = D0636D5B1E5AEBB10034E7B0 /* HorizontalSectionController.swift */; };
		D0636D5E1E5AED1D0034E7B0 /* EmbeddedCollectionViewCell.swift in Sources */ = {isa = PBXBuildFile; fileRef = D0636D5D1E5AED1D0034E7B0 /* EmbeddedCollectionViewCell.swift */; };
		D0636D601E5AEDD70034E7B0 /* EmbeddedSectionController.swift in Sources */ = {isa = PBXBuildFile; fileRef = D0636D5F1E5AEDD70034E7B0 /* EmbeddedSectionController.swift */; };
		D0636D621E5AEED10034E7B0 /* MovieItemCell.swift in Sources */ = {isa = PBXBuildFile; fileRef = D0636D611E5AEED10034E7B0 /* MovieItemCell.swift */; };
		D06A774B1E59193A00ED238E /* ComingSoonMovieInteractorProtocol.swift in Sources */ = {isa = PBXBuildFile; fileRef = D06A774A1E59193A00ED238E /* ComingSoonMovieInteractorProtocol.swift */; };
		D06A774D1E59194E00ED238E /* ComingSoonMovieInteractor.swift in Sources */ = {isa = PBXBuildFile; fileRef = D06A774C1E59194E00ED238E /* ComingSoonMovieInteractor.swift */; };
		D06A774F1E591A8900ED238E /* ComingSoonMovieRequest.swift in Sources */ = {isa = PBXBuildFile; fileRef = D06A774E1E591A8900ED238E /* ComingSoonMovieRequest.swift */; };
		D06A77541E593A0700ED238E /* CityName.swift in Sources */ = {isa = PBXBuildFile; fileRef = D06A77531E593A0700ED238E /* CityName.swift */; };
		D08BF7681E588276000AE159 /* Request.swift in Sources */ = {isa = PBXBuildFile; fileRef = D08BF7671E588276000AE159 /* Request.swift */; };
		D08BF76A1E5882F7000AE159 /* Decodable.swift in Sources */ = {isa = PBXBuildFile; fileRef = D08BF7691E5882F7000AE159 /* Decodable.swift */; };
		D08BF76C1E588344000AE159 /* Client.swift in Sources */ = {isa = PBXBuildFile; fileRef = D08BF76B1E588344000AE159 /* Client.swift */; };
		D08BF76E1E5883D9000AE159 /* AlamofireClient.swift in Sources */ = {isa = PBXBuildFile; fileRef = D08BF76D1E5883D9000AE159 /* AlamofireClient.swift */; };
		D08BF7711E588ADF000AE159 /* InTheatreMovieRequest.swift in Sources */ = {isa = PBXBuildFile; fileRef = D08BF7701E588ADF000AE159 /* InTheatreMovieRequest.swift */; };
		D08F1E341E558E9000390532 /* Movie.swift in Sources */ = {isa = PBXBuildFile; fileRef = D08F1E331E558E9000390532 /* Movie.swift */; };
		D099798B1E53E47400635B45 /* AppDelegate.swift in Sources */ = {isa = PBXBuildFile; fileRef = D099798A1E53E47400635B45 /* AppDelegate.swift */; };
		D099798D1E53E47400635B45 /* SuggestionViewController.swift in Sources */ = {isa = PBXBuildFile; fileRef = D099798C1E53E47400635B45 /* SuggestionViewController.swift */; };
		D09979901E53E47400635B45 /* Main.storyboard in Resources */ = {isa = PBXBuildFile; fileRef = D099798E1E53E47400635B45 /* Main.storyboard */; };
		D09979921E53E47400635B45 /* Assets.xcassets in Resources */ = {isa = PBXBuildFile; fileRef = D09979911E53E47400635B45 /* Assets.xcassets */; };
		D09979951E53E47400635B45 /* LaunchScreen.storyboard in Resources */ = {isa = PBXBuildFile; fileRef = D09979931E53E47400635B45 /* LaunchScreen.storyboard */; };
		D09979A71E543EEC00635B45 /* VIPER_DoubanTests.swift in Sources */ = {isa = PBXBuildFile; fileRef = D09979A61E543EEC00635B45 /* VIPER_DoubanTests.swift */; };
		D09979AF1E54427200635B45 /* InTheatreMovieInteractorProtocol.swift in Sources */ = {isa = PBXBuildFile; fileRef = D09979AE1E54427200635B45 /* InTheatreMovieInteractorProtocol.swift */; };
		D09979B11E544D3600635B45 /* InTheatreMovieInteractor.swift in Sources */ = {isa = PBXBuildFile; fileRef = D09979B01E544D3600635B45 /* InTheatreMovieInteractor.swift */; };
		D09979B31E54505500635B45 /* SuggestionPresenterProtocol.swift in Sources */ = {isa = PBXBuildFile; fileRef = D09979B21E54505500635B45 /* SuggestionPresenterProtocol.swift */; };
		D09979B51E54507500635B45 /* SuggestionPresenter.swift in Sources */ = {isa = PBXBuildFile; fileRef = D09979B41E54507500635B45 /* SuggestionPresenter.swift */; };
/* End PBXBuildFile section */

/* Begin PBXContainerItemProxy section */
		D09979A91E543EEC00635B45 /* PBXContainerItemProxy */ = {
			isa = PBXContainerItemProxy;
			containerPortal = D099797F1E53E47400635B45 /* Project object */;
			proxyType = 1;
			remoteGlobalIDString = D09979861E53E47400635B45;
			remoteInfo = "VIPER-Douban";
		};
/* End PBXContainerItemProxy section */

/* Begin PBXFileReference section */
		003AC6D40A2CA5EF6BD08A7E /* Pods-VIPER-DoubanTests.release.xcconfig */ = {isa = PBXFileReference; includeInIndex = 1; lastKnownFileType = text.xcconfig; name = "Pods-VIPER-DoubanTests.release.xcconfig"; path = "Pods/Target Support Files/Pods-VIPER-DoubanTests/Pods-VIPER-DoubanTests.release.xcconfig"; sourceTree = "<group>"; };
		00EF110DC2D3780AE9C1CCA7 /* Pods_VIPER_DoubanTests.framework */ = {isa = PBXFileReference; explicitFileType = wrapper.framework; includeInIndex = 0; path = Pods_VIPER_DoubanTests.framework; sourceTree = BUILT_PRODUCTS_DIR; };
		582C12E5D8CD629D75666390 /* Pods-VIPER-Douban.release.xcconfig */ = {isa = PBXFileReference; includeInIndex = 1; lastKnownFileType = text.xcconfig; name = "Pods-VIPER-Douban.release.xcconfig"; path = "Pods/Target Support Files/Pods-VIPER-Douban/Pods-VIPER-Douban.release.xcconfig"; sourceTree = "<group>"; };
		6B7E83D706BFD8BC50494D19 /* Pods-VIPER-Douban.debug.xcconfig */ = {isa = PBXFileReference; includeInIndex = 1; lastKnownFileType = text.xcconfig; name = "Pods-VIPER-Douban.debug.xcconfig"; path = "Pods/Target Support Files/Pods-VIPER-Douban/Pods-VIPER-Douban.debug.xcconfig"; sourceTree = "<group>"; };
		856A817414641CF71AC43A0F /* Pods_VIPER_Douban.framework */ = {isa = PBXFileReference; explicitFileType = wrapper.framework; includeInIndex = 0; path = Pods_VIPER_Douban.framework; sourceTree = BUILT_PRODUCTS_DIR; };
		D0636D5B1E5AEBB10034E7B0 /* HorizontalSectionController.swift */ = {isa = PBXFileReference; fileEncoding = 4; lastKnownFileType = sourcecode.swift; path = HorizontalSectionController.swift; sourceTree = "<group>"; };
		D0636D5D1E5AED1D0034E7B0 /* EmbeddedCollectionViewCell.swift */ = {isa = PBXFileReference; fileEncoding = 4; lastKnownFileType = sourcecode.swift; path = EmbeddedCollectionViewCell.swift; sourceTree = "<group>"; };
		D0636D5F1E5AEDD70034E7B0 /* EmbeddedSectionController.swift */ = {isa = PBXFileReference; fileEncoding = 4; lastKnownFileType = sourcecode.swift; path = EmbeddedSectionController.swift; sourceTree = "<group>"; };
		D0636D611E5AEED10034E7B0 /* MovieItemCell.swift */ = {isa = PBXFileReference; fileEncoding = 4; lastKnownFileType = sourcecode.swift; path = MovieItemCell.swift; sourceTree = "<group>"; };
		D06A774A1E59193A00ED238E /* ComingSoonMovieInteractorProtocol.swift */ = {isa = PBXFileReference; fileEncoding = 4; lastKnownFileType = sourcecode.swift; path = ComingSoonMovieInteractorProtocol.swift; sourceTree = "<group>"; };
		D06A774C1E59194E00ED238E /* ComingSoonMovieInteractor.swift */ = {isa = PBXFileReference; fileEncoding = 4; lastKnownFileType = sourcecode.swift; path = ComingSoonMovieInteractor.swift; sourceTree = "<group>"; };
		D06A774E1E591A8900ED238E /* ComingSoonMovieRequest.swift */ = {isa = PBXFileReference; fileEncoding = 4; lastKnownFileType = sourcecode.swift; path = ComingSoonMovieRequest.swift; sourceTree = "<group>"; };
		D06A77531E593A0700ED238E /* CityName.swift */ = {isa = PBXFileReference; fileEncoding = 4; lastKnownFileType = sourcecode.swift; path = CityName.swift; sourceTree = "<group>"; };
		D08BF7671E588276000AE159 /* Request.swift */ = {isa = PBXFileReference; fileEncoding = 4; lastKnownFileType = sourcecode.swift; path = Request.swift; sourceTree = "<group>"; };
		D08BF7691E5882F7000AE159 /* Decodable.swift */ = {isa = PBXFileReference; fileEncoding = 4; lastKnownFileType = sourcecode.swift; path = Decodable.swift; sourceTree = "<group>"; };
		D08BF76B1E588344000AE159 /* Client.swift */ = {isa = PBXFileReference; fileEncoding = 4; lastKnownFileType = sourcecode.swift; path = Client.swift; sourceTree = "<group>"; };
		D08BF76D1E5883D9000AE159 /* AlamofireClient.swift */ = {isa = PBXFileReference; fileEncoding = 4; lastKnownFileType = sourcecode.swift; path = AlamofireClient.swift; sourceTree = "<group>"; };
		D08BF7701E588ADF000AE159 /* InTheatreMovieRequest.swift */ = {isa = PBXFileReference; fileEncoding = 4; lastKnownFileType = sourcecode.swift; path = InTheatreMovieRequest.swift; sourceTree = "<group>"; };
		D08F1E331E558E9000390532 /* Movie.swift */ = {isa = PBXFileReference; fileEncoding = 4; lastKnownFileType = sourcecode.swift; path = Movie.swift; sourceTree = "<group>"; };
		D09979871E53E47400635B45 /* VIPER-Douban.app */ = {isa = PBXFileReference; explicitFileType = wrapper.application; includeInIndex = 0; path = "VIPER-Douban.app"; sourceTree = BUILT_PRODUCTS_DIR; };
		D099798A1E53E47400635B45 /* AppDelegate.swift */ = {isa = PBXFileReference; lastKnownFileType = sourcecode.swift; path = AppDelegate.swift; sourceTree = "<group>"; };
		D099798C1E53E47400635B45 /* SuggestionViewController.swift */ = {isa = PBXFileReference; lastKnownFileType = sourcecode.swift; path = SuggestionViewController.swift; sourceTree = "<group>"; };
		D099798F1E53E47400635B45 /* Base */ = {isa = PBXFileReference; lastKnownFileType = file.storyboard; name = Base; path = Base.lproj/Main.storyboard; sourceTree = "<group>"; };
		D09979911E53E47400635B45 /* Assets.xcassets */ = {isa = PBXFileReference; lastKnownFileType = folder.assetcatalog; path = Assets.xcassets; sourceTree = "<group>"; };
		D09979941E53E47400635B45 /* Base */ = {isa = PBXFileReference; lastKnownFileType = file.storyboard; name = Base; path = Base.lproj/LaunchScreen.storyboard; sourceTree = "<group>"; };
		D09979961E53E47400635B45 /* Info.plist */ = {isa = PBXFileReference; lastKnownFileType = text.plist.xml; path = Info.plist; sourceTree = "<group>"; };
		D09979A41E543EEC00635B45 /* VIPER-DoubanTests.xctest */ = {isa = PBXFileReference; explicitFileType = wrapper.cfbundle; includeInIndex = 0; path = "VIPER-DoubanTests.xctest"; sourceTree = BUILT_PRODUCTS_DIR; };
		D09979A61E543EEC00635B45 /* VIPER_DoubanTests.swift */ = {isa = PBXFileReference; lastKnownFileType = sourcecode.swift; path = VIPER_DoubanTests.swift; sourceTree = "<group>"; };
		D09979A81E543EEC00635B45 /* Info.plist */ = {isa = PBXFileReference; lastKnownFileType = text.plist.xml; path = Info.plist; sourceTree = "<group>"; };
		D09979AE1E54427200635B45 /* InTheatreMovieInteractorProtocol.swift */ = {isa = PBXFileReference; fileEncoding = 4; lastKnownFileType = sourcecode.swift; path = InTheatreMovieInteractorProtocol.swift; sourceTree = "<group>"; };
		D09979B01E544D3600635B45 /* InTheatreMovieInteractor.swift */ = {isa = PBXFileReference; fileEncoding = 4; lastKnownFileType = sourcecode.swift; path = InTheatreMovieInteractor.swift; sourceTree = "<group>"; };
		D09979B21E54505500635B45 /* SuggestionPresenterProtocol.swift */ = {isa = PBXFileReference; fileEncoding = 4; lastKnownFileType = sourcecode.swift; path = SuggestionPresenterProtocol.swift; sourceTree = "<group>"; };
		D09979B41E54507500635B45 /* SuggestionPresenter.swift */ = {isa = PBXFileReference; fileEncoding = 4; lastKnownFileType = sourcecode.swift; path = SuggestionPresenter.swift; sourceTree = "<group>"; };
		F63CB8A8D6DFF171DA6C1312 /* Pods-VIPER-DoubanTests.debug.xcconfig */ = {isa = PBXFileReference; includeInIndex = 1; lastKnownFileType = text.xcconfig; name = "Pods-VIPER-DoubanTests.debug.xcconfig"; path = "Pods/Target Support Files/Pods-VIPER-DoubanTests/Pods-VIPER-DoubanTests.debug.xcconfig"; sourceTree = "<group>"; };
/* End PBXFileReference section */

/* Begin PBXFrameworksBuildPhase section */
		D09979841E53E47400635B45 /* Frameworks */ = {
			isa = PBXFrameworksBuildPhase;
			buildActionMask = 2147483647;
			files = (
				2949DE589000B74004234BD7 /* Pods_VIPER_Douban.framework in Frameworks */,
			);
			runOnlyForDeploymentPostprocessing = 0;
		};
		D09979A11E543EEC00635B45 /* Frameworks */ = {
			isa = PBXFrameworksBuildPhase;
			buildActionMask = 2147483647;
			files = (
				83630AB3D75C90486B73B8B2 /* Pods_VIPER_DoubanTests.framework in Frameworks */,
			);
			runOnlyForDeploymentPostprocessing = 0;
		};
/* End PBXFrameworksBuildPhase section */

/* Begin PBXGroup section */
		2BDD297D3A4E643433E35FCA /* Pods */ = {
			isa = PBXGroup;
			children = (
				F63CB8A8D6DFF171DA6C1312 /* Pods-VIPER-DoubanTests.debug.xcconfig */,
				003AC6D40A2CA5EF6BD08A7E /* Pods-VIPER-DoubanTests.release.xcconfig */,
				6B7E83D706BFD8BC50494D19 /* Pods-VIPER-Douban.debug.xcconfig */,
				582C12E5D8CD629D75666390 /* Pods-VIPER-Douban.release.xcconfig */,
			);
			name = Pods;
			sourceTree = "<group>";
		};
		D0636D791E5BDDAD0034E7B0 /* Cell */ = {
			isa = PBXGroup;
			children = (
				D0636D5D1E5AED1D0034E7B0 /* EmbeddedCollectionViewCell.swift */,
				D0636D611E5AEED10034E7B0 /* MovieItemCell.swift */,
			);
			name = Cell;
			sourceTree = "<group>";
		};
		D0636D7A1E5BDDC00034E7B0 /* SectionController */ = {
			isa = PBXGroup;
			children = (
				D0636D5B1E5AEBB10034E7B0 /* HorizontalSectionController.swift */,
				D0636D5F1E5AEDD70034E7B0 /* EmbeddedSectionController.swift */,
			);
			name = SectionController;
			sourceTree = "<group>";
		};
		D06A77511E59339900ED238E /* protocol */ = {
			isa = PBXGroup;
			children = (
				D09979AE1E54427200635B45 /* InTheatreMovieInteractorProtocol.swift */,
				D06A774A1E59193A00ED238E /* ComingSoonMovieInteractorProtocol.swift */,
			);
			name = protocol;
			sourceTree = "<group>";
		};
		D06A77521E59351A00ED238E /* Model */ = {
			isa = PBXGroup;
			children = (
				D08F1E331E558E9000390532 /* Movie.swift */,
				D06A77531E593A0700ED238E /* CityName.swift */,
			);
			name = Model;
			sourceTree = "<group>";
		};
		D08BF7651E588244000AE159 /* App */ = {
			isa = PBXGroup;
			children = (
				D08F1E431E56E78800390532 /* Iteractor */,
				D06A77521E59351A00ED238E /* Model */,
				D08BF7661E58824C000AE159 /* API */,
			);
			name = App;
			sourceTree = "<group>";
		};
		D08BF7661E58824C000AE159 /* API */ = {
			isa = PBXGroup;
			children = (
				D08BF76F1E588ACF000AE159 /* Request */,
				D08BF7671E588276000AE159 /* Request.swift */,
				D08BF7691E5882F7000AE159 /* Decodable.swift */,
				D08BF76B1E588344000AE159 /* Client.swift */,
				D08BF76D1E5883D9000AE159 /* AlamofireClient.swift */,
			);
			name = API;
			sourceTree = "<group>";
		};
		D08BF76F1E588ACF000AE159 /* Request */ = {
			isa = PBXGroup;
			children = (
				D08BF7701E588ADF000AE159 /* InTheatreMovieRequest.swift */,
				D06A774E1E591A8900ED238E /* ComingSoonMovieRequest.swift */,
			);
			name = Request;
			sourceTree = "<group>";
		};
		D08F1E301E55442800390532 /* Suggestion */ = {
			isa = PBXGroup;
			children = (
				D08F1E421E56E77D00390532 /* Presenter */,
				D08F1E411E56E76F00390532 /* View */,
			);
			name = Suggestion;
			sourceTree = "<group>";
		};
		D08F1E411E56E76F00390532 /* View */ = {
			isa = PBXGroup;
			children = (
				D0636D7A1E5BDDC00034E7B0 /* SectionController */,
				D0636D791E5BDDAD0034E7B0 /* Cell */,
				D099798C1E53E47400635B45 /* SuggestionViewController.swift */,
			);
			name = View;
			sourceTree = "<group>";
		};
		D08F1E421E56E77D00390532 /* Presenter */ = {
			isa = PBXGroup;
			children = (
				D09979B21E54505500635B45 /* SuggestionPresenterProtocol.swift */,
				D09979B41E54507500635B45 /* SuggestionPresenter.swift */,
			);
			name = Presenter;
			sourceTree = "<group>";
		};
		D08F1E431E56E78800390532 /* Iteractor */ = {
			isa = PBXGroup;
			children = (
				D06A77511E59339900ED238E /* protocol */,
				D09979B01E544D3600635B45 /* InTheatreMovieInteractor.swift */,
				D06A774C1E59194E00ED238E /* ComingSoonMovieInteractor.swift */,
			);
			name = Iteractor;
			sourceTree = "<group>";
		};
		D099797E1E53E47400635B45 = {
			isa = PBXGroup;
			children = (
				D09979891E53E47400635B45 /* VIPER-Douban */,
				D09979A51E543EEC00635B45 /* VIPER-DoubanTests */,
				D09979881E53E47400635B45 /* Products */,
				2BDD297D3A4E643433E35FCA /* Pods */,
				F9440E1F2C3769C9FB1DC882 /* Frameworks */,
			);
			sourceTree = "<group>";
		};
		D09979881E53E47400635B45 /* Products */ = {
			isa = PBXGroup;
			children = (
				D09979871E53E47400635B45 /* VIPER-Douban.app */,
				D09979A41E543EEC00635B45 /* VIPER-DoubanTests.xctest */,
			);
			name = Products;
			sourceTree = "<group>";
		};
		D09979891E53E47400635B45 /* VIPER-Douban */ = {
			isa = PBXGroup;
			children = (
				D08BF7651E588244000AE159 /* App */,
				D08F1E301E55442800390532 /* Suggestion */,
				D099799F1E53E8F000635B45 /* Resource */,
				D099799E1E53E8E400635B45 /* Config */,
				D099798A1E53E47400635B45 /* AppDelegate.swift */,
				D099798E1E53E47400635B45 /* Main.storyboard */,
			);
			path = "VIPER-Douban";
			sourceTree = "<group>";
		};
		D099799E1E53E8E400635B45 /* Config */ = {
			isa = PBXGroup;
			children = (
				D09979961E53E47400635B45 /* Info.plist */,
			);
			name = Config;
			sourceTree = "<group>";
		};
		D099799F1E53E8F000635B45 /* Resource */ = {
			isa = PBXGroup;
			children = (
				D09979911E53E47400635B45 /* Assets.xcassets */,
				D09979931E53E47400635B45 /* LaunchScreen.storyboard */,
			);
			name = Resource;
			sourceTree = "<group>";
		};
		D09979A51E543EEC00635B45 /* VIPER-DoubanTests */ = {
			isa = PBXGroup;
			children = (
				D09979A61E543EEC00635B45 /* VIPER_DoubanTests.swift */,
				D09979A81E543EEC00635B45 /* Info.plist */,
			);
			path = "VIPER-DoubanTests";
			sourceTree = "<group>";
		};
		F9440E1F2C3769C9FB1DC882 /* Frameworks */ = {
			isa = PBXGroup;
			children = (
				00EF110DC2D3780AE9C1CCA7 /* Pods_VIPER_DoubanTests.framework */,
				856A817414641CF71AC43A0F /* Pods_VIPER_Douban.framework */,
			);
			name = Frameworks;
			sourceTree = "<group>";
		};
/* End PBXGroup section */

/* Begin PBXNativeTarget section */
		D09979861E53E47400635B45 /* VIPER-Douban */ = {
			isa = PBXNativeTarget;
			buildConfigurationList = D09979991E53E47400635B45 /* Build configuration list for PBXNativeTarget "VIPER-Douban" */;
			buildPhases = (
				756654D9126E7F06CAA467E6 /* [CP] Check Pods Manifest.lock */,
				D09979831E53E47400635B45 /* Sources */,
				D09979841E53E47400635B45 /* Frameworks */,
				D09979851E53E47400635B45 /* Resources */,
				13B15743B7043BA4F18428E4 /* [CP] Embed Pods Frameworks */,
				AD3AD6654111E4150C7B0427 /* [CP] Copy Pods Resources */,
			);
			buildRules = (
			);
			dependencies = (
			);
			name = "VIPER-Douban";
			productName = "VIPER-Douban";
			productReference = D09979871E53E47400635B45 /* VIPER-Douban.app */;
			productType = "com.apple.product-type.application";
		};
		D09979A31E543EEC00635B45 /* VIPER-DoubanTests */ = {
			isa = PBXNativeTarget;
			buildConfigurationList = D09979AD1E543EEC00635B45 /* Build configuration list for PBXNativeTarget "VIPER-DoubanTests" */;
			buildPhases = (
				7252C6772A17B6962CD24D34 /* [CP] Check Pods Manifest.lock */,
				D09979A01E543EEC00635B45 /* Sources */,
				D09979A11E543EEC00635B45 /* Frameworks */,
				D09979A21E543EEC00635B45 /* Resources */,
				2187FCF6930E1C592542B623 /* [CP] Embed Pods Frameworks */,
				29AB3F46589E9A7FBD4B00C9 /* [CP] Copy Pods Resources */,
			);
			buildRules = (
			);
			dependencies = (
				D09979AA1E543EEC00635B45 /* PBXTargetDependency */,
			);
			name = "VIPER-DoubanTests";
			productName = "VIPER-DoubanTests";
			productReference = D09979A41E543EEC00635B45 /* VIPER-DoubanTests.xctest */;
			productType = "com.apple.product-type.bundle.unit-test";
		};
/* End PBXNativeTarget section */

/* Begin PBXProject section */
		D099797F1E53E47400635B45 /* Project object */ = {
			isa = PBXProject;
			attributes = {
				LastSwiftUpdateCheck = 0820;
				LastUpgradeCheck = 0820;
				ORGANIZATIONNAME = ThoughtWorks;
				TargetAttributes = {
					D09979861E53E47400635B45 = {
						CreatedOnToolsVersion = 8.2.1;
						ProvisioningStyle = Automatic;
					};
					D09979A31E543EEC00635B45 = {
						CreatedOnToolsVersion = 8.2.1;
						ProvisioningStyle = Automatic;
						TestTargetID = D09979861E53E47400635B45;
					};
				};
			};
			buildConfigurationList = D09979821E53E47400635B45 /* Build configuration list for PBXProject "VIPER-Douban" */;
			compatibilityVersion = "Xcode 3.2";
			developmentRegion = English;
			hasScannedForEncodings = 0;
			knownRegions = (
				en,
				Base,
			);
			mainGroup = D099797E1E53E47400635B45;
			productRefGroup = D09979881E53E47400635B45 /* Products */;
			projectDirPath = "";
			projectRoot = "";
			targets = (
				D09979861E53E47400635B45 /* VIPER-Douban */,
				D09979A31E543EEC00635B45 /* VIPER-DoubanTests */,
			);
		};
/* End PBXProject section */

/* Begin PBXResourcesBuildPhase section */
		D09979851E53E47400635B45 /* Resources */ = {
			isa = PBXResourcesBuildPhase;
			buildActionMask = 2147483647;
			files = (
				D09979951E53E47400635B45 /* LaunchScreen.storyboard in Resources */,
				D09979921E53E47400635B45 /* Assets.xcassets in Resources */,
				D09979901E53E47400635B45 /* Main.storyboard in Resources */,
			);
			runOnlyForDeploymentPostprocessing = 0;
		};
		D09979A21E543EEC00635B45 /* Resources */ = {
			isa = PBXResourcesBuildPhase;
			buildActionMask = 2147483647;
			files = (
			);
			runOnlyForDeploymentPostprocessing = 0;
		};
/* End PBXResourcesBuildPhase section */

/* Begin PBXShellScriptBuildPhase section */
		13B15743B7043BA4F18428E4 /* [CP] Embed Pods Frameworks */ = {
			isa = PBXShellScriptBuildPhase;
			buildActionMask = 2147483647;
			files = (
			);
			inputPaths = (
			);
			name = "[CP] Embed Pods Frameworks";
			outputPaths = (
			);
			runOnlyForDeploymentPostprocessing = 0;
			shellPath = /bin/sh;
			shellScript = "\"${SRCROOT}/Pods/Target Support Files/Pods-VIPER-Douban/Pods-VIPER-Douban-frameworks.sh\"\n";
			showEnvVarsInLog = 0;
		};
		2187FCF6930E1C592542B623 /* [CP] Embed Pods Frameworks */ = {
			isa = PBXShellScriptBuildPhase;
			buildActionMask = 2147483647;
			files = (
			);
			inputPaths = (
			);
			name = "[CP] Embed Pods Frameworks";
			outputPaths = (
			);
			runOnlyForDeploymentPostprocessing = 0;
			shellPath = /bin/sh;
			shellScript = "\"${SRCROOT}/Pods/Target Support Files/Pods-VIPER-DoubanTests/Pods-VIPER-DoubanTests-frameworks.sh\"\n";
			showEnvVarsInLog = 0;
		};
		29AB3F46589E9A7FBD4B00C9 /* [CP] Copy Pods Resources */ = {
			isa = PBXShellScriptBuildPhase;
			buildActionMask = 2147483647;
			files = (
			);
			inputPaths = (
			);
			name = "[CP] Copy Pods Resources";
			outputPaths = (
			);
			runOnlyForDeploymentPostprocessing = 0;
			shellPath = /bin/sh;
			shellScript = "\"${SRCROOT}/Pods/Target Support Files/Pods-VIPER-DoubanTests/Pods-VIPER-DoubanTests-resources.sh\"\n";
			showEnvVarsInLog = 0;
		};
		7252C6772A17B6962CD24D34 /* [CP] Check Pods Manifest.lock */ = {
			isa = PBXShellScriptBuildPhase;
			buildActionMask = 2147483647;
			files = (
			);
			inputPaths = (
			);
			name = "[CP] Check Pods Manifest.lock";
			outputPaths = (
			);
			runOnlyForDeploymentPostprocessing = 0;
			shellPath = /bin/sh;
			shellScript = "diff \"${PODS_ROOT}/../Podfile.lock\" \"${PODS_ROOT}/Manifest.lock\" > /dev/null\nif [[ $? != 0 ]] ; then\n    cat << EOM\nerror: The sandbox is not in sync with the Podfile.lock. Run 'pod install' or update your CocoaPods installation.\nEOM\n    exit 1\nfi\n";
			showEnvVarsInLog = 0;
		};
		756654D9126E7F06CAA467E6 /* [CP] Check Pods Manifest.lock */ = {
			isa = PBXShellScriptBuildPhase;
			buildActionMask = 2147483647;
			files = (
			);
			inputPaths = (
			);
			name = "[CP] Check Pods Manifest.lock";
			outputPaths = (
			);
			runOnlyForDeploymentPostprocessing = 0;
			shellPath = /bin/sh;
			shellScript = "diff \"${PODS_ROOT}/../Podfile.lock\" \"${PODS_ROOT}/Manifest.lock\" > /dev/null\nif [[ $? != 0 ]] ; then\n    cat << EOM\nerror: The sandbox is not in sync with the Podfile.lock. Run 'pod install' or update your CocoaPods installation.\nEOM\n    exit 1\nfi\n";
			showEnvVarsInLog = 0;
		};
		AD3AD6654111E4150C7B0427 /* [CP] Copy Pods Resources */ = {
			isa = PBXShellScriptBuildPhase;
			buildActionMask = 2147483647;
			files = (
			);
			inputPaths = (
			);
			name = "[CP] Copy Pods Resources";
			outputPaths = (
			);
			runOnlyForDeploymentPostprocessing = 0;
			shellPath = /bin/sh;
			shellScript = "\"${SRCROOT}/Pods/Target Support Files/Pods-VIPER-Douban/Pods-VIPER-Douban-resources.sh\"\n";
			showEnvVarsInLog = 0;
		};
/* End PBXShellScriptBuildPhase section */

/* Begin PBXSourcesBuildPhase section */
		D09979831E53E47400635B45 /* Sources */ = {
			isa = PBXSourcesBuildPhase;
			buildActionMask = 2147483647;
			files = (
				D09979B11E544D3600635B45 /* InTheatreMovieInteractor.swift in Sources */,
				D099798D1E53E47400635B45 /* SuggestionViewController.swift in Sources */,
				D099798B1E53E47400635B45 /* AppDelegate.swift in Sources */,
				D06A77541E593A0700ED238E /* CityName.swift in Sources */,
				D06A774B1E59193A00ED238E /* ComingSoonMovieInteractorProtocol.swift in Sources */,
				D0636D5C1E5AEBB10034E7B0 /* HorizontalSectionController.swift in Sources */,
				D08BF76A1E5882F7000AE159 /* Decodable.swift in Sources */,
				D06A774F1E591A8900ED238E /* ComingSoonMovieRequest.swift in Sources */,
				D08BF76C1E588344000AE159 /* Client.swift in Sources */,
				D09979B31E54505500635B45 /* SuggestionPresenterProtocol.swift in Sources */,
				D09979B51E54507500635B45 /* SuggestionPresenter.swift in Sources */,
				D08BF76E1E5883D9000AE159 /* AlamofireClient.swift in Sources */,
				D0636D601E5AEDD70034E7B0 /* EmbeddedSectionController.swift in Sources */,
				D0636D5E1E5AED1D0034E7B0 /* EmbeddedCollectionViewCell.swift in Sources */,
				D09979AF1E54427200635B45 /* InTheatreMovieInteractorProtocol.swift in Sources */,
				D08F1E341E558E9000390532 /* Movie.swift in Sources */,
				D06A774D1E59194E00ED238E /* ComingSoonMovieInteractor.swift in Sources */,
				D0636D621E5AEED10034E7B0 /* MovieItemCell.swift in Sources */,
				D08BF7681E588276000AE159 /* Request.swift in Sources */,
				D08BF7711E588ADF000AE159 /* InTheatreMovieRequest.swift in Sources */,
			);
			runOnlyForDeploymentPostprocessing = 0;
		};
		D09979A01E543EEC00635B45 /* Sources */ = {
			isa = PBXSourcesBuildPhase;
			buildActionMask = 2147483647;
			files = (
				D09979A71E543EEC00635B45 /* VIPER_DoubanTests.swift in Sources */,
			);
			runOnlyForDeploymentPostprocessing = 0;
		};
/* End PBXSourcesBuildPhase section */

/* Begin PBXTargetDependency section */
		D09979AA1E543EEC00635B45 /* PBXTargetDependency */ = {
			isa = PBXTargetDependency;
			target = D09979861E53E47400635B45 /* VIPER-Douban */;
			targetProxy = D09979A91E543EEC00635B45 /* PBXContainerItemProxy */;
		};
/* End PBXTargetDependency section */

/* Begin PBXVariantGroup section */
		D099798E1E53E47400635B45 /* Main.storyboard */ = {
			isa = PBXVariantGroup;
			children = (
				D099798F1E53E47400635B45 /* Base */,
			);
			name = Main.storyboard;
			sourceTree = "<group>";
		};
		D09979931E53E47400635B45 /* LaunchScreen.storyboard */ = {
			isa = PBXVariantGroup;
			children = (
				D09979941E53E47400635B45 /* Base */,
			);
			name = LaunchScreen.storyboard;
			sourceTree = "<group>";
		};
/* End PBXVariantGroup section */

/* Begin XCBuildConfiguration section */
		D09979971E53E47400635B45 /* Debug */ = {
			isa = XCBuildConfiguration;
			buildSettings = {
				ALWAYS_SEARCH_USER_PATHS = NO;
				CLANG_ANALYZER_NONNULL = YES;
				CLANG_CXX_LANGUAGE_STANDARD = "gnu++0x";
				CLANG_CXX_LIBRARY = "libc++";
				CLANG_ENABLE_MODULES = YES;
				CLANG_ENABLE_OBJC_ARC = YES;
				CLANG_WARN_BOOL_CONVERSION = YES;
				CLANG_WARN_CONSTANT_CONVERSION = YES;
				CLANG_WARN_DIRECT_OBJC_ISA_USAGE = YES_ERROR;
				CLANG_WARN_DOCUMENTATION_COMMENTS = YES;
				CLANG_WARN_EMPTY_BODY = YES;
				CLANG_WARN_ENUM_CONVERSION = YES;
				CLANG_WARN_INFINITE_RECURSION = YES;
				CLANG_WARN_INT_CONVERSION = YES;
				CLANG_WARN_OBJC_ROOT_CLASS = YES_ERROR;
				CLANG_WARN_SUSPICIOUS_MOVE = YES;
				CLANG_WARN_UNREACHABLE_CODE = YES;
				CLANG_WARN__DUPLICATE_METHOD_MATCH = YES;
				"CODE_SIGN_IDENTITY[sdk=iphoneos*]" = "iPhone Developer";
				COPY_PHASE_STRIP = NO;
				DEBUG_INFORMATION_FORMAT = dwarf;
				ENABLE_STRICT_OBJC_MSGSEND = YES;
				ENABLE_TESTABILITY = YES;
				GCC_C_LANGUAGE_STANDARD = gnu99;
				GCC_DYNAMIC_NO_PIC = NO;
				GCC_NO_COMMON_BLOCKS = YES;
				GCC_OPTIMIZATION_LEVEL = 0;
				GCC_PREPROCESSOR_DEFINITIONS = (
					"DEBUG=1",
					"$(inherited)",
				);
				GCC_WARN_64_TO_32_BIT_CONVERSION = YES;
				GCC_WARN_ABOUT_RETURN_TYPE = YES_ERROR;
				GCC_WARN_UNDECLARED_SELECTOR = YES;
				GCC_WARN_UNINITIALIZED_AUTOS = YES_AGGRESSIVE;
				GCC_WARN_UNUSED_FUNCTION = YES;
				GCC_WARN_UNUSED_VARIABLE = YES;
				IPHONEOS_DEPLOYMENT_TARGET = 10.2;
				MTL_ENABLE_DEBUG_INFO = YES;
				ONLY_ACTIVE_ARCH = YES;
				SDKROOT = iphoneos;
				SWIFT_ACTIVE_COMPILATION_CONDITIONS = DEBUG;
				SWIFT_OPTIMIZATION_LEVEL = "-Onone";
			};
			name = Debug;
		};
		D09979981E53E47400635B45 /* Release */ = {
			isa = XCBuildConfiguration;
			buildSettings = {
				ALWAYS_SEARCH_USER_PATHS = NO;
				CLANG_ANALYZER_NONNULL = YES;
				CLANG_CXX_LANGUAGE_STANDARD = "gnu++0x";
				CLANG_CXX_LIBRARY = "libc++";
				CLANG_ENABLE_MODULES = YES;
				CLANG_ENABLE_OBJC_ARC = YES;
				CLANG_WARN_BOOL_CONVERSION = YES;
				CLANG_WARN_CONSTANT_CONVERSION = YES;
				CLANG_WARN_DIRECT_OBJC_ISA_USAGE = YES_ERROR;
				CLANG_WARN_DOCUMENTATION_COMMENTS = YES;
				CLANG_WARN_EMPTY_BODY = YES;
				CLANG_WARN_ENUM_CONVERSION = YES;
				CLANG_WARN_INFINITE_RECURSION = YES;
				CLANG_WARN_INT_CONVERSION = YES;
				CLANG_WARN_OBJC_ROOT_CLASS = YES_ERROR;
				CLANG_WARN_SUSPICIOUS_MOVE = YES;
				CLANG_WARN_UNREACHABLE_CODE = YES;
				CLANG_WARN__DUPLICATE_METHOD_MATCH = YES;
				"CODE_SIGN_IDENTITY[sdk=iphoneos*]" = "iPhone Developer";
				COPY_PHASE_STRIP = NO;
				DEBUG_INFORMATION_FORMAT = "dwarf-with-dsym";
				ENABLE_NS_ASSERTIONS = NO;
				ENABLE_STRICT_OBJC_MSGSEND = YES;
				GCC_C_LANGUAGE_STANDARD = gnu99;
				GCC_NO_COMMON_BLOCKS = YES;
				GCC_WARN_64_TO_32_BIT_CONVERSION = YES;
				GCC_WARN_ABOUT_RETURN_TYPE = YES_ERROR;
				GCC_WARN_UNDECLARED_SELECTOR = YES;
				GCC_WARN_UNINITIALIZED_AUTOS = YES_AGGRESSIVE;
				GCC_WARN_UNUSED_FUNCTION = YES;
				GCC_WARN_UNUSED_VARIABLE = YES;
				IPHONEOS_DEPLOYMENT_TARGET = 10.2;
				MTL_ENABLE_DEBUG_INFO = NO;
				SDKROOT = iphoneos;
				SWIFT_OPTIMIZATION_LEVEL = "-Owholemodule";
				VALIDATE_PRODUCT = YES;
			};
			name = Release;
		};
		D099799A1E53E47400635B45 /* Debug */ = {
			isa = XCBuildConfiguration;
			baseConfigurationReference = 6B7E83D706BFD8BC50494D19 /* Pods-VIPER-Douban.debug.xcconfig */;
			buildSettings = {
				ALWAYS_EMBED_SWIFT_STANDARD_LIBRARIES = YES;
				ASSETCATALOG_COMPILER_APPICON_NAME = AppIcon;
				INFOPLIST_FILE = "VIPER-Douban/Info.plist";
				IPHONEOS_DEPLOYMENT_TARGET = 9.0;
				LD_RUNPATH_SEARCH_PATHS = "$(inherited) @executable_path/Frameworks";
				PRODUCT_BUNDLE_IDENTIFIER = "thoughtworks.VIPER-Douban";
				PRODUCT_NAME = "$(TARGET_NAME)";
				SWIFT_VERSION = 3.0;
			};
			name = Debug;
		};
		D099799B1E53E47400635B45 /* Release */ = {
			isa = XCBuildConfiguration;
			baseConfigurationReference = 582C12E5D8CD629D75666390 /* Pods-VIPER-Douban.release.xcconfig */;
			buildSettings = {
				ALWAYS_EMBED_SWIFT_STANDARD_LIBRARIES = YES;
				ASSETCATALOG_COMPILER_APPICON_NAME = AppIcon;
				INFOPLIST_FILE = "VIPER-Douban/Info.plist";
				IPHONEOS_DEPLOYMENT_TARGET = 9.0;
				LD_RUNPATH_SEARCH_PATHS = "$(inherited) @executable_path/Frameworks";
				PRODUCT_BUNDLE_IDENTIFIER = "thoughtworks.VIPER-Douban";
				PRODUCT_NAME = "$(TARGET_NAME)";
				SWIFT_VERSION = 3.0;
			};
			name = Release;
		};
		D09979AB1E543EEC00635B45 /* Debug */ = {
			isa = XCBuildConfiguration;
			baseConfigurationReference = F63CB8A8D6DFF171DA6C1312 /* Pods-VIPER-DoubanTests.debug.xcconfig */;
			buildSettings = {
				ALWAYS_EMBED_SWIFT_STANDARD_LIBRARIES = YES;
				BUNDLE_LOADER = "$(TEST_HOST)";
				INFOPLIST_FILE = "VIPER-DoubanTests/Info.plist";
				LD_RUNPATH_SEARCH_PATHS = "$(inherited) @executable_path/Frameworks @loader_path/Frameworks";
				PRODUCT_BUNDLE_IDENTIFIER = "thoughtworks.VIPER-DoubanTests";
				PRODUCT_NAME = "$(TARGET_NAME)";
				SWIFT_VERSION = 3.0;
				TEST_HOST = "$(BUILT_PRODUCTS_DIR)/VIPER-Douban.app/VIPER-Douban";
			};
			name = Debug;
		};
		D09979AC1E543EEC00635B45 /* Release */ = {
			isa = XCBuildConfiguration;
			baseConfigurationReference = 003AC6D40A2CA5EF6BD08A7E /* Pods-VIPER-DoubanTests.release.xcconfig */;
			buildSettings = {
				ALWAYS_EMBED_SWIFT_STANDARD_LIBRARIES = YES;
				BUNDLE_LOADER = "$(TEST_HOST)";
				INFOPLIST_FILE = "VIPER-DoubanTests/Info.plist";
				LD_RUNPATH_SEARCH_PATHS = "$(inherited) @executable_path/Frameworks @loader_path/Frameworks";
				PRODUCT_BUNDLE_IDENTIFIER = "thoughtworks.VIPER-DoubanTests";
				PRODUCT_NAME = "$(TARGET_NAME)";
				SWIFT_VERSION = 3.0;
				TEST_HOST = "$(BUILT_PRODUCTS_DIR)/VIPER-Douban.app/VIPER-Douban";
			};
			name = Release;
		};
/* End XCBuildConfiguration section */

/* Begin XCConfigurationList section */
		D09979821E53E47400635B45 /* Build configuration list for PBXProject "VIPER-Douban" */ = {
			isa = XCConfigurationList;
			buildConfigurations = (
				D09979971E53E47400635B45 /* Debug */,
				D09979981E53E47400635B45 /* Release */,
			);
			defaultConfigurationIsVisible = 0;
			defaultConfigurationName = Release;
		};
		D09979991E53E47400635B45 /* Build configuration list for PBXNativeTarget "VIPER-Douban" */ = {
			isa = XCConfigurationList;
			buildConfigurations = (
				D099799A1E53E47400635B45 /* Debug */,
				D099799B1E53E47400635B45 /* Release */,
			);
			defaultConfigurationIsVisible = 0;
			defaultConfigurationName = Release;
		};
		D09979AD1E543EEC00635B45 /* Build configuration list for PBXNativeTarget "VIPER-DoubanTests" */ = {
			isa = XCConfigurationList;
			buildConfigurations = (
				D09979AB1E543EEC00635B45 /* Debug */,
				D09979AC1E543EEC00635B45 /* Release */,
			);
			defaultConfigurationIsVisible = 0;
			defaultConfigurationName = Release;
		};
/* End XCConfigurationList section */
	};
	rootObject = D099797F1E53E47400635B45 /* Project object */;
}
